
Microsoft Visual Studio Solution File, Format Version 12.00
# Visual Studio Version 18
VisualStudioVersion = 18.10.12201.205
MinimumVisualStudioVersion = 10.0.40219.1
Project("{FAE04EC0-301F-11D3-BF4B-00C04F79EFBC}") = "PatternEditor.Core", "src\PatternEditor.Core\PatternEditor.Core.csproj", "{FC10D522-2F72-4818-98C6-FD5EBC3EDD2A}"
EndProject
Project("{FAE04EC0-301F-11D3-BF4B-00C04F79EFBC}") = "PatternEditor.Abstractions", "src\PatternEditor.Abstractions\PatternEditor.Abstractions.csproj", "{0CE9DB30-64C8-4BA6-BD63-417B3E7B9A63}"
EndProject
Project("{FAE04EC0-301F-11D3-BF4B-00C04F79EFBC}") = "PatternEditor.Element.Line", "plugins\PatternEditor.Element.Line\PatternEditor.Element.Line.csproj", "{CD83F534-EE11-42CE-A0D5-C2440D62271E}"
EndProject
Project("{FAE04EC0-301F-11D3-BF4B-00C04F79EFBC}") = "PatternEditor.Element.Rect", "plugins\PatternEditor.Element.Rect\PatternEditor.Element.Rect.csproj", "{5A5D7E7A-1821-4283-828C-34685FE7AF7F}"
EndProject
Project("{FAE04EC0-301F-11D3-BF4B-00C04F79EFBC}") = "PatternEditor", "src\PatternEditor\PatternEditor.csproj", "{ED4FD581-8AD8-4071-923A-F27C684B87DC}"
EndProject
Project("{FAE04EC0-301F-11D3-BF4B-00C04F79EFBC}") = "PatternEditor.Sample.Api", "src\PatternEditor.Sample.Api\PatternEditor.Sample.Api.csproj", "{D479AA00-7FDA-4CD8-A60D-EA7D9AF88F0C}"
EndProject
Project("{FAE04EC0-301F-11D3-BF4B-00C04F79EFBC}") = "PatternEditor.Sample.Client", "src\PatternEditor.Sample.Client\PatternEditor.Sample.Client.csproj", "{7ACEFF6C-03F0-4A82-B6A8-7109C1636490}"
EndProject
Project("{FAE04EC0-301F-11D3-BF4B-00C04F79EFBC}") = "PatternEditor.Core.Tests", "tests\PatternEditor.Core.Tests\PatternEditor.Core.Tests.csproj", "{C561F77C-872C-4534-9B61-0E8CEC076582}"
EndProject
Project("{FAE04EC0-301F-11D3-BF4B-00C04F79EFBC}") = "PatternEditor.Abstractions.Tests", "tests\PatternEditor.Abstractions.Tests\PatternEditor.Abstractions.Tests.csproj", "{87A506FB-6994-4251-84CB-56F7AFF79AE7}"
EndProject
Project("{FAE04EC0-301F-11D3-BF4B-00C04F79EFBC}") = "PatternEditor.Element.Line.Tests", "tests\PatternEditor.Element.Line.Tests\PatternEditor.Element.Line.Tests.csproj", "{68AD8323-268F-4583-A34C-9AB23DF37DEA}"
EndProject
Project("{FAE04EC0-301F-11D3-BF4B-00C04F79EFBC}") = "PatternEditor.Element.Rect.Tests", "tests\PatternEditor.Element.Rect.Tests\PatternEditor.Element.Rect.Tests.csproj", "{75F3644F-B6DB-48E8-B6BC-7731A7CE57A6}"
EndProject
Project("{FAE04EC0-301F-11D3-BF4B-00C04F79EFBC}") = "PatternEditor.Tests", "tests\PatternEditor.Tests\PatternEditor.Tests.csproj", "{E07F4DE9-8BAE-46AA-991C-42442C3FDB0C}"
EndProject
Project("{FAE04EC0-301F-11D3-BF4B-00C04F79EFBC}") = "PatternEditor.Sample.Api.Tests", "tests\PatternEditor.Sample.Api.Tests\PatternEditor.Sample.Api.Tests.csproj", "{4864A313-BC63-4A99-80F1-AD364CAFBF20}"
EndProject
Project("{2150E333-8FDC-42A3-9474-1A3956D46DE8}") = "plugins", "plugins", "{CF927288-0420-445A-B7C9-8334B1FBA042}"
EndProject
Project("{2150E333-8FDC-42A3-9474-1A3956D46DE8}") = "src", "src", "{827E0CD3-B72D-47B6-A68D-7590B98EB39B}"
EndProject
Project("{FAE04EC0-301F-11D3-BF4B-00C04F79EFBC}") = "PatternEditor.Element.Circle", "plugins\PatternEditor.Element.Circle\PatternEditor.Element.Circle.csproj", "{0B692F5A-5065-445B-89DD-2ADCF07C33F7}"
EndProject
Project("{FAE04EC0-301F-11D3-BF4B-00C04F79EFBC}") = "PatternEditor.Element.Path", "plugins\PatternEditor.Element.Path\PatternEditor.Element.Path.csproj", "{2B98B82D-2536-4BAE-99BA-DF56E4D4084C}"
EndProject
Project("{2150E333-8FDC-42A3-9474-1A3956D46DE8}") = "tests", "tests", "{0AB3BF05-4346-4AA6-1389-037BE0695223}"
EndProject
Project("{FAE04EC0-301F-11D3-BF4B-00C04F79EFBC}") = "PatternEditor.Element.Circle.Tests", "tests\PatternEditor.Element.Circle.Tests\PatternEditor.Element.Circle.Tests.csproj", "{915B3005-E3FA-44A8-812E-4A66CF097FC9}"
EndProject
Project("{FAE04EC0-301F-11D3-BF4B-00C04F79EFBC}") = "PatternEditor.Element.Path.Tests", "tests\PatternEditor.Element.Path.Tests\PatternEditor.Element.Path.Tests.csproj", "{2D45526A-A618-4BFE-84F9-9E7E6B2E57E8}"
EndProject
Project("{FAE04EC0-301F-11D3-BF4B-00C04F79EFBC}") = "PatternEditor.Element.Image", "plugins\PatternEditor.Element.Image\PatternEditor.Element.Image.csproj", "{272F9BF2-FB75-4DD2-A571-6FD247782C0E}"
EndProject
Project("{FAE04EC0-301F-11D3-BF4B-00C04F79EFBC}") = "PatternEditor.Element.Image.Tests", "tests\PatternEditor.Element.Image.Tests\PatternEditor.Element.Image.Tests.csproj", "{F6B005C7-4DFC-4E23-AE15-4E7CA604F32E}"
EndProject
Project("{FAE04EC0-301F-11D3-BF4B-00C04F79EFBC}") = "PatternEditor.Element.Polygon", "plugins\PatternEditor.Element.Polygon\PatternEditor.Element.Polygon.csproj", "{D1D4AC33-771C-4351-894B-DB8A6160F71F}"
EndProject
Project("{FAE04EC0-301F-11D3-BF4B-00C04F79EFBC}") = "PatternEditor.Element.Polyline", "plugins\PatternEditor.Element.Polyline\PatternEditor.Element.Polyline.csproj", "{97827EEE-1A45-4DE7-83B3-A48E97E3D80B}"
EndProject
Project("{FAE04EC0-301F-11D3-BF4B-00C04F79EFBC}") = "PatternEditor.Element.Polygon.Tests", "tests\PatternEditor.Element.Polygon.Tests\PatternEditor.Element.Polygon.Tests.csproj", "{DAE26A42-E0D3-4B8E-A02D-3CDDC7A5E8E4}"
EndProject
Project("{FAE04EC0-301F-11D3-BF4B-00C04F79EFBC}") = "PatternEditor.Element.Polyline.Tests", "tests\PatternEditor.Element.Polyline.Tests\PatternEditor.Element.Polyline.Tests.csproj", "{632BCA63-3C78-4249-89D7-C8EC6275BEF2}"
EndProject
Project("{FAE04EC0-301F-11D3-BF4B-00C04F79EFBC}") = "PatternEditor.Element.Ellipse", "plugins\PatternEditor.Element.Ellipse\PatternEditor.Element.Ellipse.csproj", "{0BC924C1-0BE9-4C07-9DB6-7AE55331DCEC}"
EndProject
Project("{FAE04EC0-301F-11D3-BF4B-00C04F79EFBC}") = "PatternEditor.Element.Text", "plugins\PatternEditor.Element.Text\PatternEditor.Element.Text.csproj", "{9162C511-EB8F-4B4F-B24C-6711A52E2336}"
EndProject
Project("{FAE04EC0-301F-11D3-BF4B-00C04F79EFBC}") = "PatternEditor.Element.Ellipse.Tests", "tests\PatternEditor.Element.Ellipse.Tests\PatternEditor.Element.Ellipse.Tests.csproj", "{82AEC97E-D1B8-4827-BF87-A9AE9CC993AA}"
EndProject
Project("{FAE04EC0-301F-11D3-BF4B-00C04F79EFBC}") = "PatternEditor.Element.Text.Tests", "tests\PatternEditor.Element.Text.Tests\PatternEditor.Element.Text.Tests.csproj", "{0984E591-39A9-4DE2-BD86-4EDB629068EE}"
EndProject
Project("{2150E333-8FDC-42A3-9474-1A3956D46DE8}") = "docs", "docs", "{71E091DE-4093-4BCF-85DC-83409D31177F}"
	ProjectSection(SolutionItems) = preProject
		docs\Analisi funzionale - Pattern Editor SVG.md = docs\Analisi funzionale - Pattern Editor SVG.md
		docs\Analisi funzionale - Pattern Editor SVG.pdf = docs\Analisi funzionale - Pattern Editor SVG.pdf
		docs\Manuale utente - Pattern Editor SVG.md = docs\Manuale utente - Pattern Editor SVG.md
		docs\Manuale utente - Pattern Editor SVG.pdf = docs\Manuale utente - Pattern Editor SVG.pdf
		docs\genera-pdf.py = docs\genera-pdf.py
		docs\prototipo-editor-mobile.html = docs\prototipo-editor-mobile.html
	EndProjectSection
EndProject
Project("{2150E333-8FDC-42A3-9474-1A3956D46DE8}") = "immagini", "immagini", "{4B79BCAE-0F30-44D6-9424-92722F3C5FA9}"
	ProjectSection(SolutionItems) = preProject
		docs\immagini\01-architettura.svg = docs\immagini\01-architettura.svg
		docs\immagini\02-modello-dominio.svg = docs\immagini\02-modello-dominio.svg
		docs\immagini\03-contratto-plugin.svg = docs\immagini\03-contratto-plugin.svg
		docs\immagini\04-macchina-stati.svg = docs\immagini\04-macchina-stati.svg
		docs\immagini\05-pipeline-rendering.svg = docs\immagini\05-pipeline-rendering.svg
		docs\immagini\06-layout-editor.svg = docs\immagini\06-layout-editor.svg
		docs\immagini\07-persistenza-date.svg = docs\immagini\07-persistenza-date.svg
		docs\immagini\08-schermo-stretto.svg = docs\immagini\08-schermo-stretto.svg
		docs\immagini\09-composizione-di.svg = docs\immagini\09-composizione-di.svg
		docs\immagini\10-albero-componenti.svg = docs\immagini\10-albero-componenti.svg
		docs\immagini\11-flusso-modifica.svg = docs\immagini\11-flusso-modifica.svg
		docs\immagini\12-sessione.svg = docs\immagini\12-sessione.svg
		docs\immagini\13-generazione-svg.svg = docs\immagini\13-generazione-svg.svg
		docs\immagini\14-serializzazione.svg = docs\immagini\14-serializzazione.svg
		docs\immagini\15-interop-js.svg = docs\immagini\15-interop-js.svg
		docs\immagini\16-trascinamento.svg = docs\immagini\16-trascinamento.svg
		docs\immagini\17-duplicazione.svg = docs\immagini\17-duplicazione.svg
		docs\immagini\18-rotte-dati.svg = docs\immagini\18-rotte-dati.svg
		docs\immagini\19-importazione.svg = docs\immagini\19-importazione.svg
	EndProjectSection
EndProject
Project("{2150E333-8FDC-42A3-9474-1A3956D46DE8}") = "manuale", "manuale", "{B7505AE7-5FA6-47A9-997F-A997573D9515}"
	ProjectSection(SolutionItems) = preProject
		docs\immagini\manuale\m01-pagina-iniziale.svg = docs\immagini\manuale\m01-pagina-iniziale.svg
		docs\immagini\manuale\m02-zone-editor.svg = docs\immagini\manuale\m02-zone-editor.svg
		docs\immagini\manuale\m03-cella.svg = docs\immagini\manuale\m03-cella.svg
		docs\immagini\manuale\m04-trasformazione.svg = docs\immagini\manuale\m04-trasformazione.svg
		docs\immagini\manuale\m05-coordinate.svg = docs\immagini\manuale\m05-coordinate.svg
		docs\immagini\manuale\m06-colori.svg = docs\immagini\manuale\m06-colori.svg
		docs\immagini\manuale\m07-elementi.svg = docs\immagini\manuale\m07-elementi.svg
		docs\immagini\manuale\m08-adattamento.svg = docs\immagini\manuale\m08-adattamento.svg
		docs\immagini\manuale\m09-elenco-elementi.svg = docs\immagini\manuale\m09-elenco-elementi.svg
		docs\immagini\manuale\m10-menu-tipi.svg = docs\immagini\manuale\m10-menu-tipi.svg
		docs\immagini\manuale\m11-colore.svg = docs\immagini\manuale\m11-colore.svg
		docs\immagini\manuale\m12-telefono.svg = docs\immagini\manuale\m12-telefono.svg
		docs\immagini\manuale\m13-importazione.svg = docs\immagini\manuale\m13-importazione.svg
	EndProjectSection
EndProject
Project("{2150E333-8FDC-42A3-9474-1A3956D46DE8}") = "scatti", "scatti", "{BE914D9C-A1B9-43EE-9CE6-DB7857161523}"
	ProjectSection(SolutionItems) = preProject
		docs\immagini\scatti\s01-pagina-iniziale.png = docs\immagini\scatti\s01-pagina-iniziale.png
		docs\immagini\scatti\s02-griglia-schede.png = docs\immagini\scatti\s02-griglia-schede.png
		docs\immagini\scatti\s03-editor.png = docs\immagini\scatti\s03-editor.png
		docs\immagini\scatti\s04-editor-elemento.png = docs\immagini\scatti\s04-editor-elemento.png
		docs\immagini\scatti\s05-elenco-elementi.png = docs\immagini\scatti\s05-elenco-elementi.png
		docs\immagini\scatti\s06-colori.png = docs\immagini\scatti\s06-colori.png
		docs\immagini\scatti\s07-telefono-anteprima.png = docs\immagini\scatti\s07-telefono-anteprima.png
		docs\immagini\scatti\s08-telefono-elenco.png = docs\immagini\scatti\s08-telefono-elenco.png
		docs\immagini\scatti\s09-telefono-proprieta.png = docs\immagini\scatti\s09-telefono-proprieta.png
		docs\immagini\scatti\s10-telefono-elemento.png = docs\immagini\scatti\s10-telefono-elemento.png
		docs\immagini\scatti\s11-menu-tipi.png = docs\immagini\scatti\s11-menu-tipi.png
		docs\immagini\scatti\s12-importa-pulsante.png = docs\immagini\scatti\s12-importa-pulsante.png
		docs\immagini\scatti\s13-importa-esito.png = docs\immagini\scatti\s13-importa-esito.png
		docs\immagini\scatti\s14-importazione.png = docs\immagini\scatti\s14-importazione.png
	EndProjectSection
EndProject
Project("{2150E333-8FDC-42A3-9474-1A3956D46DE8}") = "strumenti", "strumenti", "{99C1ECC1-EBCD-4CBE-95EC-3190D24161E6}"
	ProjectSection(SolutionItems) = preProject
		docs\strumenti\LEGGIMI.md = docs\strumenti\LEGGIMI.md
		docs\strumenti\cattura-schermate.py = docs\strumenti\cattura-schermate.py
		docs\strumenti\chrome.py = docs\strumenti\chrome.py
		docs\strumenti\genera-diagrammi.py = docs\strumenti\genera-diagrammi.py
		docs\strumenti\genera-figure.py = docs\strumenti\genera-figure.py
		docs\strumenti\tela.py = docs\strumenti\tela.py
	EndProjectSection
EndProject
Project("{FAE04EC0-301F-11D3-BF4B-00C04F79EFBC}") = "PatternEditor.Sample.Client.Tests", "tests\PatternEditor.Sample.Client.Tests\PatternEditor.Sample.Client.Tests.csproj", "{F25F3391-7357-4ACD-872E-A81A29EEB784}"
EndProject
Global
	GlobalSection(SolutionConfigurationPlatforms) = preSolution
		Debug|Any CPU = Debug|Any CPU
		Debug|x64 = Debug|x64
		Debug|x86 = Debug|x86
		Release|Any CPU = Release|Any CPU
		Release|x64 = Release|x64
		Release|x86 = Release|x86
	EndGlobalSection
	GlobalSection(ProjectConfigurationPlatforms) = postSolution
		{FC10D522-2F72-4818-98C6-FD5EBC3EDD2A}.Debug|Any CPU.ActiveCfg = Debug|Any CPU
		{FC10D522-2F72-4818-98C6-FD5EBC3EDD2A}.Debug|Any CPU.Build.0 = Debug|Any CPU
		{FC10D522-2F72-4818-98C6-FD5EBC3EDD2A}.Debug|x64.ActiveCfg = Debug|Any CPU
		{FC10D522-2F72-4818-98C6-FD5EBC3EDD2A}.Debug|x64.Build.0 = Debug|Any CPU
		{FC10D522-2F72-4818-98C6-FD5EBC3EDD2A}.Debug|x86.ActiveCfg = Debug|Any CPU
		{FC10D522-2F72-4818-98C6-FD5EBC3EDD2A}.Debug|x86.Build.0 = Debug|Any CPU
		{FC10D522-2F72-4818-98C6-FD5EBC3EDD2A}.Release|Any CPU.ActiveCfg = Release|Any CPU
		{FC10D522-2F72-4818-98C6-FD5EBC3EDD2A}.Release|Any CPU.Build.0 = Release|Any CPU
		{FC10D522-2F72-4818-98C6-FD5EBC3EDD2A}.Release|x64.ActiveCfg = Release|Any CPU
		{FC10D522-2F72-4818-98C6-FD5EBC3EDD2A}.Release|x64.Build.0 = Release|Any CPU
		{FC10D522-2F72-4818-98C6-FD5EBC3EDD2A}.Release|x86.ActiveCfg = Release|Any CPU
		{FC10D522-2F72-4818-98C6-FD5EBC3EDD2A}.Release|x86.Build.0 = Release|Any CPU
		{0CE9DB30-64C8-4BA6-BD63-417B3E7B9A63}.Debug|Any CPU.ActiveCfg = Debug|Any CPU
		{0CE9DB30-64C8-4BA6-BD63-417B3E7B9A63}.Debug|Any CPU.Build.0 = Debug|Any CPU
		{0CE9DB30-64C8-4BA6-BD63-417B3E7B9A63}.Debug|x64.ActiveCfg = Debug|Any CPU
		{0CE9DB30-64C8-4BA6-BD63-417B3E7B9A63}.Debug|x64.Build.0 = Debug|Any CPU
		{0CE9DB30-64C8-4BA6-BD63-417B3E7B9A63}.Debug|x86.ActiveCfg = Debug|Any CPU
		{0CE9DB30-64C8-4BA6-BD63-417B3E7B9A63}.Debug|x86.Build.0 = Debug|Any CPU
		{0CE9DB30-64C8-4BA6-BD63-417B3E7B9A63}.Release|Any CPU.ActiveCfg = Release|Any CPU
		{0CE9DB30-64C8-4BA6-BD63-417B3E7B9A63}.Release|Any CPU.Build.0 = Release|Any CPU
		{0CE9DB30-64C8-4BA6-BD63-417B3E7B9A63}.Release|x64.ActiveCfg = Release|Any CPU
		{0CE9DB30-64C8-4BA6-BD63-417B3E7B9A63}.Release|x64.Build.0 = Release|Any CPU
		{0CE9DB30-64C8-4BA6-BD63-417B3E7B9A63}.Release|x86.ActiveCfg = Release|Any CPU
		{0CE9DB30-64C8-4BA6-BD63-417B3E7B9A63}.Release|x86.Build.0 = Release|Any CPU
		{CD83F534-EE11-42CE-A0D5-C2440D62271E}.Debug|Any CPU.ActiveCfg = Debug|Any CPU
		{CD83F534-EE11-42CE-A0D5-C2440D62271E}.Debug|Any CPU.Build.0 = Debug|Any CPU
		{CD83F534-EE11-42CE-A0D5-C2440D62271E}.Debug|x64.ActiveCfg = Debug|Any CPU
		{CD83F534-EE11-42CE-A0D5-C2440D62271E}.Debug|x64.Build.0 = Debug|Any CPU
		{CD83F534-EE11-42CE-A0D5-C2440D62271E}.Debug|x86.ActiveCfg = Debug|Any CPU
		{CD83F534-EE11-42CE-A0D5-C2440D62271E}.Debug|x86.Build.0 = Debug|Any CPU
		{CD83F534-EE11-42CE-A0D5-C2440D62271E}.Release|Any CPU.ActiveCfg = Release|Any CPU
		{CD83F534-EE11-42CE-A0D5-C2440D62271E}.Release|Any CPU.Build.0 = Release|Any CPU
		{CD83F534-EE11-42CE-A0D5-C2440D62271E}.Release|x64.ActiveCfg = Release|Any CPU
		{CD83F534-EE11-42CE-A0D5-C2440D62271E}.Release|x64.Build.0 = Release|Any CPU
		{CD83F534-EE11-42CE-A0D5-C2440D62271E}.Release|x86.ActiveCfg = Release|Any CPU
		{CD83F534-EE11-42CE-A0D5-C2440D62271E}.Release|x86.Build.0 = Release|Any CPU
		{5A5D7E7A-1821-4283-828C-34685FE7AF7F}.Debug|Any CPU.ActiveCfg = Debug|Any CPU
		{5A5D7E7A-1821-4283-828C-34685FE7AF7F}.Debug|Any CPU.Build.0 = Debug|Any CPU
		{5A5D7E7A-1821-4283-828C-34685FE7AF7F}.Debug|x64.ActiveCfg = Debug|Any CPU
		{5A5D7E7A-1821-4283-828C-34685FE7AF7F}.Debug|x64.Build.0 = Debug|Any CPU
		{5A5D7E7A-1821-4283-828C-34685FE7AF7F}.Debug|x86.ActiveCfg = Debug|Any CPU
		{5A5D7E7A-1821-4283-828C-34685FE7AF7F}.Debug|x86.Build.0 = Debug|Any CPU
		{5A5D7E7A-1821-4283-828C-34685FE7AF7F}.Release|Any CPU.ActiveCfg = Release|Any CPU
		{5A5D7E7A-1821-4283-828C-34685FE7AF7F}.Release|Any CPU.Build.0 = Release|Any CPU
		{5A5D7E7A-1821-4283-828C-34685FE7AF7F}.Release|x64.ActiveCfg = Release|Any CPU
		{5A5D7E7A-1821-4283-828C-34685FE7AF7F}.Release|x64.Build.0 = Release|Any CPU
		{5A5D7E7A-1821-4283-828C-34685FE7AF7F}.Release|x86.ActiveCfg = Release|Any CPU
		{5A5D7E7A-1821-4283-828C-34685FE7AF7F}.Release|x86.Build.0 = Release|Any CPU
		{ED4FD581-8AD8-4071-923A-F27C684B87DC}.Debug|Any CPU.ActiveCfg = Debug|Any CPU
		{ED4FD581-8AD8-4071-923A-F27C684B87DC}.Debug|Any CPU.Build.0 = Debug|Any CPU
		{ED4FD581-8AD8-4071-923A-F27C684B87DC}.Debug|x64.ActiveCfg = Debug|Any CPU
		{ED4FD581-8AD8-4071-923A-F27C684B87DC}.Debug|x64.Build.0 = Debug|Any CPU
		{ED4FD581-8AD8-4071-923A-F27C684B87DC}.Debug|x86.ActiveCfg = Debug|Any CPU
		{ED4FD581-8AD8-4071-923A-F27C684B87DC}.Debug|x86.Build.0 = Debug|Any CPU
		{ED4FD581-8AD8-4071-923A-F27C684B87DC}.Release|Any CPU.ActiveCfg = Release|Any CPU
		{ED4FD581-8AD8-4071-923A-F27C684B87DC}.Release|Any CPU.Build.0 = Release|Any CPU
		{ED4FD581-8AD8-4071-923A-F27C684B87DC}.Release|x64.ActiveCfg = Release|Any CPU
		{ED4FD581-8AD8-4071-923A-F27C684B87DC}.Release|x64.Build.0 = Release|Any CPU
		{ED4FD581-8AD8-4071-923A-F27C684B87DC}.Release|x86.ActiveCfg = Release|Any CPU
		{ED4FD581-8AD8-4071-923A-F27C684B87DC}.Release|x86.Build.0 = Release|Any CPU
		{D479AA00-7FDA-4CD8-A60D-EA7D9AF88F0C}.Debug|Any CPU.ActiveCfg = Debug|Any CPU
		{D479AA00-7FDA-4CD8-A60D-EA7D9AF88F0C}.Debug|Any CPU.Build.0 = Debug|Any CPU
		{D479AA00-7FDA-4CD8-A60D-EA7D9AF88F0C}.Debug|x64.ActiveCfg = Debug|Any CPU
		{D479AA00-7FDA-4CD8-A60D-EA7D9AF88F0C}.Debug|x64.Build.0 = Debug|Any CPU
		{D479AA00-7FDA-4CD8-A60D-EA7D9AF88F0C}.Debug|x86.ActiveCfg = Debug|Any CPU
		{D479AA00-7FDA-4CD8-A60D-EA7D9AF88F0C}.Debug|x86.Build.0 = Debug|Any CPU
		{D479AA00-7FDA-4CD8-A60D-EA7D9AF88F0C}.Release|Any CPU.ActiveCfg = Release|Any CPU
		{D479AA00-7FDA-4CD8-A60D-EA7D9AF88F0C}.Release|Any CPU.Build.0 = Release|Any CPU
		{D479AA00-7FDA-4CD8-A60D-EA7D9AF88F0C}.Release|x64.ActiveCfg = Release|Any CPU
		{D479AA00-7FDA-4CD8-A60D-EA7D9AF88F0C}.Release|x64.Build.0 = Release|Any CPU
		{D479AA00-7FDA-4CD8-A60D-EA7D9AF88F0C}.Release|x86.ActiveCfg = Release|Any CPU
		{D479AA00-7FDA-4CD8-A60D-EA7D9AF88F0C}.Release|x86.Build.0 = Release|Any CPU
		{7ACEFF6C-03F0-4A82-B6A8-7109C1636490}.Debug|Any CPU.ActiveCfg = Debug|Any CPU
		{7ACEFF6C-03F0-4A82-B6A8-7109C1636490}.Debug|Any CPU.Build.0 = Debug|Any CPU
		{7ACEFF6C-03F0-4A82-B6A8-7109C1636490}.Debug|x64.ActiveCfg = Debug|Any CPU
		{7ACEFF6C-03F0-4A82-B6A8-7109C1636490}.Debug|x64.Build.0 = Debug|Any CPU
		{7ACEFF6C-03F0-4A82-B6A8-7109C1636490}.Debug|x86.ActiveCfg = Debug|Any CPU
		{7ACEFF6C-03F0-4A82-B6A8-7109C1636490}.Debug|x86.Build.0 = Debug|Any CPU
		{7ACEFF6C-03F0-4A82-B6A8-7109C1636490}.Release|Any CPU.ActiveCfg = Release|Any CPU
		{7ACEFF6C-03F0-4A82-B6A8-7109C1636490}.Release|Any CPU.Build.0 = Release|Any CPU
		{7ACEFF6C-03F0-4A82-B6A8-7109C1636490}.Release|x64.ActiveCfg = Release|Any CPU
		{7ACEFF6C-03F0-4A82-B6A8-7109C1636490}.Release|x64.Build.0 = Release|Any CPU
		{7ACEFF6C-03F0-4A82-B6A8-7109C1636490}.Release|x86.ActiveCfg = Release|Any CPU
		{7ACEFF6C-03F0-4A82-B6A8-7109C1636490}.Release|x86.Build.0 = Release|Any CPU
		{C561F77C-872C-4534-9B61-0E8CEC076582}.Debug|Any CPU.ActiveCfg = Debug|Any CPU
		{C561F77C-872C-4534-9B61-0E8CEC076582}.Debug|Any CPU.Build.0 = Debug|Any CPU
		{C561F77C-872C-4534-9B61-0E8CEC076582}.Debug|x64.ActiveCfg = Debug|Any CPU
		{C561F77C-872C-4534-9B61-0E8CEC076582}.Debug|x64.Build.0 = Debug|Any CPU
		{C561F77C-872C-4534-9B61-0E8CEC076582}.Debug|x86.ActiveCfg = Debug|Any CPU
		{C561F77C-872C-4534-9B61-0E8CEC076582}.Debug|x86.Build.0 = Debug|Any CPU
		{C561F77C-872C-4534-9B61-0E8CEC076582}.Release|Any CPU.ActiveCfg = Release|Any CPU
		{C561F77C-872C-4534-9B61-0E8CEC076582}.Release|Any CPU.Build.0 = Release|Any CPU
		{C561F77C-872C-4534-9B61-0E8CEC076582}.Release|x64.ActiveCfg = Release|Any CPU
		{C561F77C-872C-4534-9B61-0E8CEC076582}.Release|x64.Build.0 = Release|Any CPU
		{C561F77C-872C-4534-9B61-0E8CEC076582}.Release|x86.ActiveCfg = Release|Any CPU
		{C561F77C-872C-4534-9B61-0E8CEC076582}.Release|x86.Build.0 = Release|Any CPU
		{87A506FB-6994-4251-84CB-56F7AFF79AE7}.Debug|Any CPU.ActiveCfg = Debug|Any CPU
		{87A506FB-6994-4251-84CB-56F7AFF79AE7}.Debug|Any CPU.Build.0 = Debug|Any CPU
		{87A506FB-6994-4251-84CB-56F7AFF79AE7}.Debug|x64.ActiveCfg = Debug|Any CPU
		{87A506FB-6994-4251-84CB-56F7AFF79AE7}.Debug|x64.Build.0 = Debug|Any CPU
		{87A506FB-6994-4251-84CB-56F7AFF79AE7}.Debug|x86.ActiveCfg = Debug|Any CPU
		{87A506FB-6994-4251-84CB-56F7AFF79AE7}.Debug|x86.Build.0 = Debug|Any CPU
		{87A506FB-6994-4251-84CB-56F7AFF79AE7}.Release|Any CPU.ActiveCfg = Release|Any CPU
		{87A506FB-6994-4251-84CB-56F7AFF79AE7}.Release|Any CPU.Build.0 = Release|Any CPU
		{87A506FB-6994-4251-84CB-56F7AFF79AE7}.Release|x64.ActiveCfg = Release|Any CPU
		{87A506FB-6994-4251-84CB-56F7AFF79AE7}.Release|x64.Build.0 = Release|Any CPU
		{87A506FB-6994-4251-84CB-56F7AFF79AE7}.Release|x86.ActiveCfg = Release|Any CPU
		{87A506FB-6994-4251-84CB-56F7AFF79AE7}.Release|x86.Build.0 = Release|Any CPU
		{68AD8323-268F-4583-A34C-9AB23DF37DEA}.Debug|Any CPU.ActiveCfg = Debug|Any CPU
		{68AD8323-268F-4583-A34C-9AB23DF37DEA}.Debug|Any CPU.Build.0 = Debug|Any CPU
		{68AD8323-268F-4583-A34C-9AB23DF37DEA}.Debug|x64.ActiveCfg = Debug|Any CPU
		{68AD8323-268F-4583-A34C-9AB23DF37DEA}.Debug|x64.Build.0 = Debug|Any CPU
		{68AD8323-268F-4583-A34C-9AB23DF37DEA}.Debug|x86.ActiveCfg = Debug|Any CPU
		{68AD8323-268F-4583-A34C-9AB23DF37DEA}.Debug|x86.Build.0 = Debug|Any CPU
		{68AD8323-268F-4583-A34C-9AB23DF37DEA}.Release|Any CPU.ActiveCfg = Release|Any CPU
		{68AD8323-268F-4583-A34C-9AB23DF37DEA}.Release|Any CPU.Build.0 = Release|Any CPU
		{68AD8323-268F-4583-A34C-9AB23DF37DEA}.Release|x64.ActiveCfg = Release|Any CPU
		{68AD8323-268F-4583-A34C-9AB23DF37DEA}.Release|x64.Build.0 = Release|Any CPU
		{68AD8323-268F-4583-A34C-9AB23DF37DEA}.Release|x86.ActiveCfg = Release|Any CPU
		{68AD8323-268F-4583-A34C-9AB23DF37DEA}.Release|x86.Build.0 = Release|Any CPU
		{75F3644F-B6DB-48E8-B6BC-7731A7CE57A6}.Debug|Any CPU.ActiveCfg = Debug|Any CPU
		{75F3644F-B6DB-48E8-B6BC-7731A7CE57A6}.Debug|Any CPU.Build.0 = Debug|Any CPU
		{75F3644F-B6DB-48E8-B6BC-7731A7CE57A6}.Debug|x64.ActiveCfg = Debug|Any CPU
		{75F3644F-B6DB-48E8-B6BC-7731A7CE57A6}.Debug|x64.Build.0 = Debug|Any CPU
		{75F3644F-B6DB-48E8-B6BC-7731A7CE57A6}.Debug|x86.ActiveCfg = Debug|Any CPU
		{75F3644F-B6DB-48E8-B6BC-7731A7CE57A6}.Debug|x86.Build.0 = Debug|Any CPU
		{75F3644F-B6DB-48E8-B6BC-7731A7CE57A6}.Release|Any CPU.ActiveCfg = Release|Any CPU
		{75F3644F-B6DB-48E8-B6BC-7731A7CE57A6}.Release|Any CPU.Build.0 = Release|Any CPU
		{75F3644F-B6DB-48E8-B6BC-7731A7CE57A6}.Release|x64.ActiveCfg = Release|Any CPU
		{75F3644F-B6DB-48E8-B6BC-7731A7CE57A6}.Release|x64.Build.0 = Release|Any CPU
		{75F3644F-B6DB-48E8-B6BC-7731A7CE57A6}.Release|x86.ActiveCfg = Release|Any CPU
		{75F3644F-B6DB-48E8-B6BC-7731A7CE57A6}.Release|x86.Build.0 = Release|Any CPU
		{E07F4DE9-8BAE-46AA-991C-42442C3FDB0C}.Debug|Any CPU.ActiveCfg = Debug|Any CPU
		{E07F4DE9-8BAE-46AA-991C-42442C3FDB0C}.Debug|Any CPU.Build.0 = Debug|Any CPU
		{E07F4DE9-8BAE-46AA-991C-42442C3FDB0C}.Debug|x64.ActiveCfg = Debug|Any CPU
		{E07F4DE9-8BAE-46AA-991C-42442C3FDB0C}.Debug|x64.Build.0 = Debug|Any CPU
		{E07F4DE9-8BAE-46AA-991C-42442C3FDB0C}.Debug|x86.ActiveCfg = Debug|Any CPU
		{E07F4DE9-8BAE-46AA-991C-42442C3FDB0C}.Debug|x86.Build.0 = Debug|Any CPU
		{E07F4DE9-8BAE-46AA-991C-42442C3FDB0C}.Release|Any CPU.ActiveCfg = Release|Any CPU
		{E07F4DE9-8BAE-46AA-991C-42442C3FDB0C}.Release|Any CPU.Build.0 = Release|Any CPU
		{E07F4DE9-8BAE-46AA-991C-42442C3FDB0C}.Release|x64.ActiveCfg = Release|Any CPU
		{E07F4DE9-8BAE-46AA-991C-42442C3FDB0C}.Release|x64.Build.0 = Release|Any CPU
		{E07F4DE9-8BAE-46AA-991C-42442C3FDB0C}.Release|x86.ActiveCfg = Release|Any CPU
		{E07F4DE9-8BAE-46AA-991C-42442C3FDB0C}.Release|x86.Build.0 = Release|Any CPU
		{4864A313-BC63-4A99-80F1-AD364CAFBF20}.Debug|Any CPU.ActiveCfg = Debug|Any CPU
		{4864A313-BC63-4A99-80F1-AD364CAFBF20}.Debug|Any CPU.Build.0 = Debug|Any CPU
		{4864A313-BC63-4A99-80F1-AD364CAFBF20}.Debug|x64.ActiveCfg = Debug|Any CPU
		{4864A313-BC63-4A99-80F1-AD364CAFBF20}.Debug|x64.Build.0 = Debug|Any CPU
		{4864A313-BC63-4A99-80F1-AD364CAFBF20}.Debug|x86.ActiveCfg = Debug|Any CPU
		{4864A313-BC63-4A99-80F1-AD364CAFBF20}.Debug|x86.Build.0 = Debug|Any CPU
		{4864A313-BC63-4A99-80F1-AD364CAFBF20}.Release|Any CPU.ActiveCfg = Release|Any CPU
		{4864A313-BC63-4A99-80F1-AD364CAFBF20}.Release|Any CPU.Build.0 = Release|Any CPU
		{4864A313-BC63-4A99-80F1-AD364CAFBF20}.Release|x64.ActiveCfg = Release|Any CPU
		{4864A313-BC63-4A99-80F1-AD364CAFBF20}.Release|x64.Build.0 = Release|Any CPU
		{4864A313-BC63-4A99-80F1-AD364CAFBF20}.Release|x86.ActiveCfg = Release|Any CPU
		{4864A313-BC63-4A99-80F1-AD364CAFBF20}.Release|x86.Build.0 = Release|Any CPU
		{0B692F5A-5065-445B-89DD-2ADCF07C33F7}.Debug|Any CPU.ActiveCfg = Debug|Any CPU
		{0B692F5A-5065-445B-89DD-2ADCF07C33F7}.Debug|Any CPU.Build.0 = Debug|Any CPU
		{0B692F5A-5065-445B-89DD-2ADCF07C33F7}.Debug|x64.ActiveCfg = Debug|Any CPU
		{0B692F5A-5065-445B-89DD-2ADCF07C33F7}.Debug|x64.Build.0 = Debug|Any CPU
		{0B692F5A-5065-445B-89DD-2ADCF07C33F7}.Debug|x86.ActiveCfg = Debug|Any CPU
		{0B692F5A-5065-445B-89DD-2ADCF07C33F7}.Debug|x86.Build.0 = Debug|Any CPU
		{0B692F5A-5065-445B-89DD-2ADCF07C33F7}.Release|Any CPU.ActiveCfg = Release|Any CPU
		{0B692F5A-5065-445B-89DD-2ADCF07C33F7}.Release|Any CPU.Build.0 = Release|Any CPU
		{0B692F5A-5065-445B-89DD-2ADCF07C33F7}.Release|x64.ActiveCfg = Release|Any CPU
		{0B692F5A-5065-445B-89DD-2ADCF07C33F7}.Release|x64.Build.0 = Release|Any CPU
		{0B692F5A-5065-445B-89DD-2ADCF07C33F7}.Release|x86.ActiveCfg = Release|Any CPU
		{0B692F5A-5065-445B-89DD-2ADCF07C33F7}.Release|x86.Build.0 = Release|Any CPU
		{2B98B82D-2536-4BAE-99BA-DF56E4D4084C}.Debug|Any CPU.ActiveCfg = Debug|Any CPU
		{2B98B82D-2536-4BAE-99BA-DF56E4D4084C}.Debug|Any CPU.Build.0 = Debug|Any CPU
		{2B98B82D-2536-4BAE-99BA-DF56E4D4084C}.Debug|x64.ActiveCfg = Debug|Any CPU
		{2B98B82D-2536-4BAE-99BA-DF56E4D4084C}.Debug|x64.Build.0 = Debug|Any CPU
		{2B98B82D-2536-4BAE-99BA-DF56E4D4084C}.Debug|x86.ActiveCfg = Debug|Any CPU
		{2B98B82D-2536-4BAE-99BA-DF56E4D4084C}.Debug|x86.Build.0 = Debug|Any CPU
		{2B98B82D-2536-4BAE-99BA-DF56E4D4084C}.Release|Any CPU.ActiveCfg = Release|Any CPU
		{2B98B82D-2536-4BAE-99BA-DF56E4D4084C}.Release|Any CPU.Build.0 = Release|Any CPU
		{2B98B82D-2536-4BAE-99BA-DF56E4D4084C}.Release|x64.ActiveCfg = Release|Any CPU
		{2B98B82D-2536-4BAE-99BA-DF56E4D4084C}.Release|x64.Build.0 = Release|Any CPU
		{2B98B82D-2536-4BAE-99BA-DF56E4D4084C}.Release|x86.ActiveCfg = Release|Any CPU
		{2B98B82D-2536-4BAE-99BA-DF56E4D4084C}.Release|x86.Build.0 = Release|Any CPU
		{915B3005-E3FA-44A8-812E-4A66CF097FC9}.Debug|Any CPU.ActiveCfg = Debug|Any CPU
		{915B3005-E3FA-44A8-812E-4A66CF097FC9}.Debug|Any CPU.Build.0 = Debug|Any CPU
		{915B3005-E3FA-44A8-812E-4A66CF097FC9}.Debug|x64.ActiveCfg = Debug|Any CPU
		{915B3005-E3FA-44A8-812E-4A66CF097FC9}.Debug|x64.Build.0 = Debug|Any CPU
		{915B3005-E3FA-44A8-812E-4A66CF097FC9}.Debug|x86.ActiveCfg = Debug|Any CPU
		{915B3005-E3FA-44A8-812E-4A66CF097FC9}.Debug|x86.Build.0 = Debug|Any CPU
		{915B3005-E3FA-44A8-812E-4A66CF097FC9}.Release|Any CPU.ActiveCfg = Release|Any CPU
		{915B3005-E3FA-44A8-812E-4A66CF097FC9}.Release|Any CPU.Build.0 = Release|Any CPU
		{915B3005-E3FA-44A8-812E-4A66CF097FC9}.Release|x64.ActiveCfg = Release|Any CPU
		{915B3005-E3FA-44A8-812E-4A66CF097FC9}.Release|x64.Build.0 = Release|Any CPU
		{915B3005-E3FA-44A8-812E-4A66CF097FC9}.Release|x86.ActiveCfg = Release|Any CPU
		{915B3005-E3FA-44A8-812E-4A66CF097FC9}.Release|x86.Build.0 = Release|Any CPU
		{2D45526A-A618-4BFE-84F9-9E7E6B2E57E8}.Debug|Any CPU.ActiveCfg = Debug|Any CPU
		{2D45526A-A618-4BFE-84F9-9E7E6B2E57E8}.Debug|Any CPU.Build.0 = Debug|Any CPU
		{2D45526A-A618-4BFE-84F9-9E7E6B2E57E8}.Debug|x64.ActiveCfg = Debug|Any CPU
		{2D45526A-A618-4BFE-84F9-9E7E6B2E57E8}.Debug|x64.Build.0 = Debug|Any CPU
		{2D45526A-A618-4BFE-84F9-9E7E6B2E57E8}.Debug|x86.ActiveCfg = Debug|Any CPU
		{2D45526A-A618-4BFE-84F9-9E7E6B2E57E8}.Debug|x86.Build.0 = Debug|Any CPU
		{2D45526A-A618-4BFE-84F9-9E7E6B2E57E8}.Release|Any CPU.ActiveCfg = Release|Any CPU
		{2D45526A-A618-4BFE-84F9-9E7E6B2E57E8}.Release|Any CPU.Build.0 = Release|Any CPU
		{2D45526A-A618-4BFE-84F9-9E7E6B2E57E8}.Release|x64.ActiveCfg = Release|Any CPU
		{2D45526A-A618-4BFE-84F9-9E7E6B2E57E8}.Release|x64.Build.0 = Release|Any CPU
		{2D45526A-A618-4BFE-84F9-9E7E6B2E57E8}.Release|x86.ActiveCfg = Release|Any CPU
		{2D45526A-A618-4BFE-84F9-9E7E6B2E57E8}.Release|x86.Build.0 = Release|Any CPU
		{272F9BF2-FB75-4DD2-A571-6FD247782C0E}.Debug|Any CPU.ActiveCfg = Debug|Any CPU
		{272F9BF2-FB75-4DD2-A571-6FD247782C0E}.Debug|Any CPU.Build.0 = Debug|Any CPU
		{272F9BF2-FB75-4DD2-A571-6FD247782C0E}.Debug|x64.ActiveCfg = Debug|Any CPU
		{272F9BF2-FB75-4DD2-A571-6FD247782C0E}.Debug|x64.Build.0 = Debug|Any CPU
		{272F9BF2-FB75-4DD2-A571-6FD247782C0E}.Debug|x86.ActiveCfg = Debug|Any CPU
		{272F9BF2-FB75-4DD2-A571-6FD247782C0E}.Debug|x86.Build.0 = Debug|Any CPU
		{272F9BF2-FB75-4DD2-A571-6FD247782C0E}.Release|Any CPU.ActiveCfg = Release|Any CPU
		{272F9BF2-FB75-4DD2-A571-6FD247782C0E}.Release|Any CPU.Build.0 = Release|Any CPU
		{272F9BF2-FB75-4DD2-A571-6FD247782C0E}.Release|x64.ActiveCfg = Release|Any CPU
		{272F9BF2-FB75-4DD2-A571-6FD247782C0E}.Release|x64.Build.0 = Release|Any CPU
		{272F9BF2-FB75-4DD2-A571-6FD247782C0E}.Release|x86.ActiveCfg = Release|Any CPU
		{272F9BF2-FB75-4DD2-A571-6FD247782C0E}.Release|x86.Build.0 = Release|Any CPU
		{F6B005C7-4DFC-4E23-AE15-4E7CA604F32E}.Debug|Any CPU.ActiveCfg = Debug|Any CPU
		{F6B005C7-4DFC-4E23-AE15-4E7CA604F32E}.Debug|Any CPU.Build.0 = Debug|Any CPU
		{F6B005C7-4DFC-4E23-AE15-4E7CA604F32E}.Debug|x64.ActiveCfg = Debug|Any CPU
		{F6B005C7-4DFC-4E23-AE15-4E7CA604F32E}.Debug|x64.Build.0 = Debug|Any CPU
		{F6B005C7-4DFC-4E23-AE15-4E7CA604F32E}.Debug|x86.ActiveCfg = Debug|Any CPU
		{F6B005C7-4DFC-4E23-AE15-4E7CA604F32E}.Debug|x86.Build.0 = Debug|Any CPU
		{F6B005C7-4DFC-4E23-AE15-4E7CA604F32E}.Release|Any CPU.ActiveCfg = Release|Any CPU
		{F6B005C7-4DFC-4E23-AE15-4E7CA604F32E}.Release|Any CPU.Build.0 = Release|Any CPU
		{F6B005C7-4DFC-4E23-AE15-4E7CA604F32E}.Release|x64.ActiveCfg = Release|Any CPU
		{F6B005C7-4DFC-4E23-AE15-4E7CA604F32E}.Release|x64.Build.0 = Release|Any CPU
		{F6B005C7-4DFC-4E23-AE15-4E7CA604F32E}.Release|x86.ActiveCfg = Release|Any CPU
		{F6B005C7-4DFC-4E23-AE15-4E7CA604F32E}.Release|x86.Build.0 = Release|Any CPU
		{D1D4AC33-771C-4351-894B-DB8A6160F71F}.Debug|Any CPU.ActiveCfg = Debug|Any CPU
		{D1D4AC33-771C-4351-894B-DB8A6160F71F}.Debug|Any CPU.Build.0 = Debug|Any CPU
		{D1D4AC33-771C-4351-894B-DB8A6160F71F}.Debug|x64.ActiveCfg = Debug|Any CPU
		{D1D4AC33-771C-4351-894B-DB8A6160F71F}.Debug|x64.Build.0 = Debug|Any CPU
		{D1D4AC33-771C-4351-894B-DB8A6160F71F}.Debug|x86.ActiveCfg = Debug|Any CPU
		{D1D4AC33-771C-4351-894B-DB8A6160F71F}.Debug|x86.Build.0 = Debug|Any CPU
		{D1D4AC33-771C-4351-894B-DB8A6160F71F}.Release|Any CPU.ActiveCfg = Release|Any CPU
		{D1D4AC33-771C-4351-894B-DB8A6160F71F}.Release|Any CPU.Build.0 = Release|Any CPU
		{D1D4AC33-771C-4351-894B-DB8A6160F71F}.Release|x64.ActiveCfg = Release|Any CPU
		{D1D4AC33-771C-4351-894B-DB8A6160F71F}.Release|x64.Build.0 = Release|Any CPU
		{D1D4AC33-771C-4351-894B-DB8A6160F71F}.Release|x86.ActiveCfg = Release|Any CPU
		{D1D4AC33-771C-4351-894B-DB8A6160F71F}.Release|x86.Build.0 = Release|Any CPU
		{97827EEE-1A45-4DE7-83B3-A48E97E3D80B}.Debug|Any CPU.ActiveCfg = Debug|Any CPU
		{97827EEE-1A45-4DE7-83B3-A48E97E3D80B}.Debug|Any CPU.Build.0 = Debug|Any CPU
		{97827EEE-1A45-4DE7-83B3-A48E97E3D80B}.Debug|x64.ActiveCfg = Debug|Any CPU
		{97827EEE-1A45-4DE7-83B3-A48E97E3D80B}.Debug|x64.Build.0 = Debug|Any CPU
		{97827EEE-1A45-4DE7-83B3-A48E97E3D80B}.Debug|x86.ActiveCfg = Debug|Any CPU
		{97827EEE-1A45-4DE7-83B3-A48E97E3D80B}.Debug|x86.Build.0 = Debug|Any CPU
		{97827EEE-1A45-4DE7-83B3-A48E97E3D80B}.Release|Any CPU.ActiveCfg = Release|Any CPU
		{97827EEE-1A45-4DE7-83B3-A48E97E3D80B}.Release|Any CPU.Build.0 = Release|Any CPU
		{97827EEE-1A45-4DE7-83B3-A48E97E3D80B}.Release|x64.ActiveCfg = Release|Any CPU
		{97827EEE-1A45-4DE7-83B3-A48E97E3D80B}.Release|x64.Build.0 = Release|Any CPU
		{97827EEE-1A45-4DE7-83B3-A48E97E3D80B}.Release|x86.ActiveCfg = Release|Any CPU
		{97827EEE-1A45-4DE7-83B3-A48E97E3D80B}.Release|x86.Build.0 = Release|Any CPU
		{DAE26A42-E0D3-4B8E-A02D-3CDDC7A5E8E4}.Debug|Any CPU.ActiveCfg = Debug|Any CPU
		{DAE26A42-E0D3-4B8E-A02D-3CDDC7A5E8E4}.Debug|Any CPU.Build.0 = Debug|Any CPU
		{DAE26A42-E0D3-4B8E-A02D-3CDDC7A5E8E4}.Debug|x64.ActiveCfg = Debug|Any CPU
		{DAE26A42-E0D3-4B8E-A02D-3CDDC7A5E8E4}.Debug|x64.Build.0 = Debug|Any CPU
		{DAE26A42-E0D3-4B8E-A02D-3CDDC7A5E8E4}.Debug|x86.ActiveCfg = Debug|Any CPU
		{DAE26A42-E0D3-4B8E-A02D-3CDDC7A5E8E4}.Debug|x86.Build.0 = Debug|Any CPU
		{DAE26A42-E0D3-4B8E-A02D-3CDDC7A5E8E4}.Release|Any CPU.ActiveCfg = Release|Any CPU
		{DAE26A42-E0D3-4B8E-A02D-3CDDC7A5E8E4}.Release|Any CPU.Build.0 = Release|Any CPU
		{DAE26A42-E0D3-4B8E-A02D-3CDDC7A5E8E4}.Release|x64.ActiveCfg = Release|Any CPU
		{DAE26A42-E0D3-4B8E-A02D-3CDDC7A5E8E4}.Release|x64.Build.0 = Release|Any CPU
		{DAE26A42-E0D3-4B8E-A02D-3CDDC7A5E8E4}.Release|x86.ActiveCfg = Release|Any CPU
		{DAE26A42-E0D3-4B8E-A02D-3CDDC7A5E8E4}.Release|x86.Build.0 = Release|Any CPU
		{632BCA63-3C78-4249-89D7-C8EC6275BEF2}.Debug|Any CPU.ActiveCfg = Debug|Any CPU
		{632BCA63-3C78-4249-89D7-C8EC6275BEF2}.Debug|Any CPU.Build.0 = Debug|Any CPU
		{632BCA63-3C78-4249-89D7-C8EC6275BEF2}.Debug|x64.ActiveCfg = Debug|Any CPU
		{632BCA63-3C78-4249-89D7-C8EC6275BEF2}.Debug|x64.Build.0 = Debug|Any CPU
		{632BCA63-3C78-4249-89D7-C8EC6275BEF2}.Debug|x86.ActiveCfg = Debug|Any CPU
		{632BCA63-3C78-4249-89D7-C8EC6275BEF2}.Debug|x86.Build.0 = Debug|Any CPU
		{632BCA63-3C78-4249-89D7-C8EC6275BEF2}.Release|Any CPU.ActiveCfg = Release|Any CPU
		{632BCA63-3C78-4249-89D7-C8EC6275BEF2}.Release|Any CPU.Build.0 = Release|Any CPU
		{632BCA63-3C78-4249-89D7-C8EC6275BEF2}.Release|x64.ActiveCfg = Release|Any CPU
		{632BCA63-3C78-4249-89D7-C8EC6275BEF2}.Release|x64.Build.0 = Release|Any CPU
		{632BCA63-3C78-4249-89D7-C8EC6275BEF2}.Release|x86.ActiveCfg = Release|Any CPU
		{632BCA63-3C78-4249-89D7-C8EC6275BEF2}.Release|x86.Build.0 = Release|Any CPU
		{0BC924C1-0BE9-4C07-9DB6-7AE55331DCEC}.Debug|Any CPU.ActiveCfg = Debug|Any CPU
		{0BC924C1-0BE9-4C07-9DB6-7AE55331DCEC}.Debug|Any CPU.Build.0 = Debug|Any CPU
		{0BC924C1-0BE9-4C07-9DB6-7AE55331DCEC}.Debug|x64.ActiveCfg = Debug|Any CPU
		{0BC924C1-0BE9-4C07-9DB6-7AE55331DCEC}.Debug|x64.Build.0 = Debug|Any CPU
		{0BC924C1-0BE9-4C07-9DB6-7AE55331DCEC}.Debug|x86.ActiveCfg = Debug|Any CPU
		{0BC924C1-0BE9-4C07-9DB6-7AE55331DCEC}.Debug|x86.Build.0 = Debug|Any CPU
		{0BC924C1-0BE9-4C07-9DB6-7AE55331DCEC}.Release|Any CPU.ActiveCfg = Release|Any CPU
		{0BC924C1-0BE9-4C07-9DB6-7AE55331DCEC}.Release|Any CPU.Build.0 = Release|Any CPU
		{0BC924C1-0BE9-4C07-9DB6-7AE55331DCEC}.Release|x64.ActiveCfg = Release|Any CPU
		{0BC924C1-0BE9-4C07-9DB6-7AE55331DCEC}.Release|x64.Build.0 = Release|Any CPU
		{0BC924C1-0BE9-4C07-9DB6-7AE55331DCEC}.Release|x86.ActiveCfg = Release|Any CPU
		{0BC924C1-0BE9-4C07-9DB6-7AE55331DCEC}.Release|x86.Build.0 = Release|Any CPU
		{9162C511-EB8F-4B4F-B24C-6711A52E2336}.Debug|Any CPU.ActiveCfg = Debug|Any CPU
		{9162C511-EB8F-4B4F-B24C-6711A52E2336}.Debug|Any CPU.Build.0 = Debug|Any CPU
		{9162C511-EB8F-4B4F-B24C-6711A52E2336}.Debug|x64.ActiveCfg = Debug|Any CPU
		{9162C511-EB8F-4B4F-B24C-6711A52E2336}.Debug|x64.Build.0 = Debug|Any CPU
		{9162C511-EB8F-4B4F-B24C-6711A52E2336}.Debug|x86.ActiveCfg = Debug|Any CPU
		{9162C511-EB8F-4B4F-B24C-6711A52E2336}.Debug|x86.Build.0 = Debug|Any CPU
		{9162C511-EB8F-4B4F-B24C-6711A52E2336}.Release|Any CPU.ActiveCfg = Release|Any CPU
		{9162C511-EB8F-4B4F-B24C-6711A52E2336}.Release|Any CPU.Build.0 = Release|Any CPU
		{9162C511-EB8F-4B4F-B24C-6711A52E2336}.Release|x64.ActiveCfg = Release|Any CPU
		{9162C511-EB8F-4B4F-B24C-6711A52E2336}.Release|x64.Build.0 = Release|Any CPU
		{9162C511-EB8F-4B4F-B24C-6711A52E2336}.Release|x86.ActiveCfg = Release|Any CPU
		{9162C511-EB8F-4B4F-B24C-6711A52E2336}.Release|x86.Build.0 = Release|Any CPU
		{82AEC97E-D1B8-4827-BF87-A9AE9CC993AA}.Debug|Any CPU.ActiveCfg = Debug|Any CPU
		{82AEC97E-D1B8-4827-BF87-A9AE9CC993AA}.Debug|Any CPU.Build.0 = Debug|Any CPU
		{82AEC97E-D1B8-4827-BF87-A9AE9CC993AA}.Debug|x64.ActiveCfg = Debug|Any CPU
		{82AEC97E-D1B8-4827-BF87-A9AE9CC993AA}.Debug|x64.Build.0 = Debug|Any CPU
		{82AEC97E-D1B8-4827-BF87-A9AE9CC993AA}.Debug|x86.ActiveCfg = Debug|Any CPU
		{82AEC97E-D1B8-4827-BF87-A9AE9CC993AA}.Debug|x86.Build.0 = Debug|Any CPU
		{82AEC97E-D1B8-4827-BF87-A9AE9CC993AA}.Release|Any CPU.ActiveCfg = Release|Any CPU
		{82AEC97E-D1B8-4827-BF87-A9AE9CC993AA}.Release|Any CPU.Build.0 = Release|Any CPU
		{82AEC97E-D1B8-4827-BF87-A9AE9CC993AA}.Release|x64.ActiveCfg = Release|Any CPU
		{82AEC97E-D1B8-4827-BF87-A9AE9CC993AA}.Release|x64.Build.0 = Release|Any CPU
		{82AEC97E-D1B8-4827-BF87-A9AE9CC993AA}.Release|x86.ActiveCfg = Release|Any CPU
		{82AEC97E-D1B8-4827-BF87-A9AE9CC993AA}.Release|x86.Build.0 = Release|Any CPU
		{0984E591-39A9-4DE2-BD86-4EDB629068EE}.Debug|Any CPU.ActiveCfg = Debug|Any CPU
		{0984E591-39A9-4DE2-BD86-4EDB629068EE}.Debug|Any CPU.Build.0 = Debug|Any CPU
		{0984E591-39A9-4DE2-BD86-4EDB629068EE}.Debug|x64.ActiveCfg = Debug|Any CPU
		{0984E591-39A9-4DE2-BD86-4EDB629068EE}.Debug|x64.Build.0 = Debug|Any CPU
		{0984E591-39A9-4DE2-BD86-4EDB629068EE}.Debug|x86.ActiveCfg = Debug|Any CPU
		{0984E591-39A9-4DE2-BD86-4EDB629068EE}.Debug|x86.Build.0 = Debug|Any CPU
		{0984E591-39A9-4DE2-BD86-4EDB629068EE}.Release|Any CPU.ActiveCfg = Release|Any CPU
		{0984E591-39A9-4DE2-BD86-4EDB629068EE}.Release|Any CPU.Build.0 = Release|Any CPU
		{0984E591-39A9-4DE2-BD86-4EDB629068EE}.Release|x64.ActiveCfg = Release|Any CPU
		{0984E591-39A9-4DE2-BD86-4EDB629068EE}.Release|x64.Build.0 = Release|Any CPU
		{0984E591-39A9-4DE2-BD86-4EDB629068EE}.Release|x86.ActiveCfg = Release|Any CPU
		{0984E591-39A9-4DE2-BD86-4EDB629068EE}.Release|x86.Build.0 = Release|Any CPU
		{F25F3391-7357-4ACD-872E-A81A29EEB784}.Debug|Any CPU.ActiveCfg = Debug|Any CPU
		{F25F3391-7357-4ACD-872E-A81A29EEB784}.Debug|Any CPU.Build.0 = Debug|Any CPU
		{F25F3391-7357-4ACD-872E-A81A29EEB784}.Debug|x64.ActiveCfg = Debug|Any CPU
		{F25F3391-7357-4ACD-872E-A81A29EEB784}.Debug|x64.Build.0 = Debug|Any CPU
		{F25F3391-7357-4ACD-872E-A81A29EEB784}.Debug|x86.ActiveCfg = Debug|Any CPU
		{F25F3391-7357-4ACD-872E-A81A29EEB784}.Debug|x86.Build.0 = Debug|Any CPU
		{F25F3391-7357-4ACD-872E-A81A29EEB784}.Release|Any CPU.ActiveCfg = Release|Any CPU
		{F25F3391-7357-4ACD-872E-A81A29EEB784}.Release|Any CPU.Build.0 = Release|Any CPU
		{F25F3391-7357-4ACD-872E-A81A29EEB784}.Release|x64.ActiveCfg = Release|Any CPU
		{F25F3391-7357-4ACD-872E-A81A29EEB784}.Release|x64.Build.0 = Release|Any CPU
		{F25F3391-7357-4ACD-872E-A81A29EEB784}.Release|x86.ActiveCfg = Release|Any CPU
		{F25F3391-7357-4ACD-872E-A81A29EEB784}.Release|x86.Build.0 = Release|Any CPU
	EndGlobalSection
	GlobalSection(SolutionProperties) = preSolution
		HideSolutionNode = FALSE
	EndGlobalSection
	GlobalSection(NestedProjects) = preSolution
		{FC10D522-2F72-4818-98C6-FD5EBC3EDD2A} = {827E0CD3-B72D-47B6-A68D-7590B98EB39B}
		{0CE9DB30-64C8-4BA6-BD63-417B3E7B9A63} = {827E0CD3-B72D-47B6-A68D-7590B98EB39B}
		{CD83F534-EE11-42CE-A0D5-C2440D62271E} = {CF927288-0420-445A-B7C9-8334B1FBA042}
		{5A5D7E7A-1821-4283-828C-34685FE7AF7F} = {CF927288-0420-445A-B7C9-8334B1FBA042}
		{ED4FD581-8AD8-4071-923A-F27C684B87DC} = {827E0CD3-B72D-47B6-A68D-7590B98EB39B}
		{D479AA00-7FDA-4CD8-A60D-EA7D9AF88F0C} = {827E0CD3-B72D-47B6-A68D-7590B98EB39B}
		{7ACEFF6C-03F0-4A82-B6A8-7109C1636490} = {827E0CD3-B72D-47B6-A68D-7590B98EB39B}
		{C561F77C-872C-4534-9B61-0E8CEC076582} = {0AB3BF05-4346-4AA6-1389-037BE0695223}
		{87A506FB-6994-4251-84CB-56F7AFF79AE7} = {0AB3BF05-4346-4AA6-1389-037BE0695223}
		{68AD8323-268F-4583-A34C-9AB23DF37DEA} = {0AB3BF05-4346-4AA6-1389-037BE0695223}
		{75F3644F-B6DB-48E8-B6BC-7731A7CE57A6} = {0AB3BF05-4346-4AA6-1389-037BE0695223}
		{E07F4DE9-8BAE-46AA-991C-42442C3FDB0C} = {0AB3BF05-4346-4AA6-1389-037BE0695223}
		{4864A313-BC63-4A99-80F1-AD364CAFBF20} = {0AB3BF05-4346-4AA6-1389-037BE0695223}
		{0B692F5A-5065-445B-89DD-2ADCF07C33F7} = {CF927288-0420-445A-B7C9-8334B1FBA042}
		{2B98B82D-2536-4BAE-99BA-DF56E4D4084C} = {CF927288-0420-445A-B7C9-8334B1FBA042}
		{915B3005-E3FA-44A8-812E-4A66CF097FC9} = {0AB3BF05-4346-4AA6-1389-037BE0695223}
		{2D45526A-A618-4BFE-84F9-9E7E6B2E57E8} = {0AB3BF05-4346-4AA6-1389-037BE0695223}
		{272F9BF2-FB75-4DD2-A571-6FD247782C0E} = {CF927288-0420-445A-B7C9-8334B1FBA042}
		{F6B005C7-4DFC-4E23-AE15-4E7CA604F32E} = {0AB3BF05-4346-4AA6-1389-037BE0695223}
		{D1D4AC33-771C-4351-894B-DB8A6160F71F} = {CF927288-0420-445A-B7C9-8334B1FBA042}
		{97827EEE-1A45-4DE7-83B3-A48E97E3D80B} = {CF927288-0420-445A-B7C9-8334B1FBA042}
		{DAE26A42-E0D3-4B8E-A02D-3CDDC7A5E8E4} = {0AB3BF05-4346-4AA6-1389-037BE0695223}
		{632BCA63-3C78-4249-89D7-C8EC6275BEF2} = {0AB3BF05-4346-4AA6-1389-037BE0695223}
		{0BC924C1-0BE9-4C07-9DB6-7AE55331DCEC} = {CF927288-0420-445A-B7C9-8334B1FBA042}
		{9162C511-EB8F-4B4F-B24C-6711A52E2336} = {CF927288-0420-445A-B7C9-8334B1FBA042}
		{82AEC97E-D1B8-4827-BF87-A9AE9CC993AA} = {0AB3BF05-4346-4AA6-1389-037BE0695223}
		{0984E591-39A9-4DE2-BD86-4EDB629068EE} = {0AB3BF05-4346-4AA6-1389-037BE0695223}
		{4B79BCAE-0F30-44D6-9424-92722F3C5FA9} = {71E091DE-4093-4BCF-85DC-83409D31177F}
		{B7505AE7-5FA6-47A9-997F-A997573D9515} = {4B79BCAE-0F30-44D6-9424-92722F3C5FA9}
		{BE914D9C-A1B9-43EE-9CE6-DB7857161523} = {4B79BCAE-0F30-44D6-9424-92722F3C5FA9}
		{99C1ECC1-EBCD-4CBE-95EC-3190D24161E6} = {71E091DE-4093-4BCF-85DC-83409D31177F}
		{F25F3391-7357-4ACD-872E-A81A29EEB784} = {0AB3BF05-4346-4AA6-1389-037BE0695223}
	EndGlobalSection
	GlobalSection(ExtensibilityGlobals) = postSolution
		SolutionGuid = {BF79431C-E4BD-46A1-B7FE-192656152ED8}
	EndGlobalSection
EndGlobal
